
Microsoft Visual Studio Solution File, Format Version 12.00
# Visual Studio 14
VisualStudioVersion = 14.0.25420.1
MinimumVisualStudioVersion = 10.0.40219.1
Project("{8BC9CEB8-8B4A-11D0-8D11-00A0C91BC942}") = "test", "test\test.vcxproj", "{CD30337E-7BEF-4879-ABCB-100753CD402E}"
	ProjectSection(ProjectDependencies) = postProject
		{887DAF25-87E8-442E-8BE1-30EB72465FD2} = {887DAF25-87E8-442E-8BE1-30EB72465FD2}
		{9AF37FD1-41BF-40A1-8FD3-EE2C44417EE3} = {9AF37FD1-41BF-40A1-8FD3-EE2C44417EE3}
	EndProjectSection
EndProject
Project("{8BC9CEB8-8B4A-11D0-8D11-00A0C91BC942}") = "DirectXTK_Desktop_2013", "DirectXTK\DirectXTK_Desktop_2013.vcxproj", "{E0B52AE7-E160-4D32-BF3F-910B785E5A8E}"
EndProject
Project("{8BC9CEB8-8B4A-11D0-8D11-00A0C91BC942}") = "DXUT", "DXUT\Core\DXUT_2012.vcxproj", "{85344B7F-5AA0-4E12-A065-D1333D11F6CA}"
EndProject
Project("{8BC9CEB8-8B4A-11D0-8D11-00A0C91BC942}") = "DXUTOpt", "DXUT\Optional\DXUTOpt_2012.vcxproj", "{61B333C2-C4F7-4CC1-A9BF-83F6D95588EB}"
EndProject
Project("{8BC9CEB8-8B4A-11D0-8D11-00A0C91BC942}") = "GUI", "GUI\GUI.vcxproj", "{D3D11105-96D0-4629-88B8-122C0256058C}"
EndProject
Project("{8BC9CEB8-8B4A-11D0-8D11-00A0C91BC942}") = "CSGBoolean", "CSGBoolean\CSGBoolean.vcxproj", "{857884DC-244E-495A-A3B9-7DC82815298B}"
EndProject
Project("{8BC9CEB8-8B4A-11D0-8D11-00A0C91BC942}") = "boolean2", "boolean2\boolean2.vcxproj", "{9AF37FD1-41BF-40A1-8FD3-EE2C44417EE3}"
EndProject
Project("{8BC9CEB8-8B4A-11D0-8D11-00A0C91BC942}") = "Common", "..\..\..\Libs\common\Common.vcxproj", "{4B9BB635-BF1F-458E-8F7E-61C940002C71}"
EndProject
Project("{8BC9CEB8-8B4A-11D0-8D11-00A0C91BC942}") = "cgalEval", "cgalEval\cgalEval.vcxproj", "{887DAF25-87E8-442E-8BE1-30EB72465FD2}"
EndProject
Project("{8BC9CEB8-8B4A-11D0-8D11-00A0C91BC942}") = "wincork", "..\..\Repos\cork\win\wincork\wincork.vcxproj", "{AD6B1A8B-6983-40ED-9EF2-A7FFC457517E}"
EndProject
Project("{8BC9CEB8-8B4A-11D0-8D11-00A0C91BC942}") = "win32cork", "win32cork\win32cork.vcxproj", "{2A9F59F1-EF78-4B17-8D9F-1EB394E394E6}"
EndProject
Global
	GlobalSection(SolutionConfigurationPlatforms) = preSolution
		Debug|Mixed Platforms = Debug|Mixed Platforms
		Debug|Win32 = Debug|Win32
		Debug|x64 = Debug|x64
		Debug|x86 = Debug|x86
		profile|Mixed Platforms = profile|Mixed Platforms
		profile|Win32 = profile|Win32
		profile|x64 = profile|x64
		profile|x86 = profile|x86
		Release|Mixed Platforms = Release|Mixed Platforms
		Release|Win32 = Release|Win32
		Release|x64 = Release|x64
		Release|x86 = Release|x86
	EndGlobalSection
	GlobalSection(ProjectConfigurationPlatforms) = postSolution
		{CD30337E-7BEF-4879-ABCB-100753CD402E}.Debug|Mixed Platforms.ActiveCfg = Debug|Win32
		{CD30337E-7BEF-4879-ABCB-100753CD402E}.Debug|Mixed Platforms.Build.0 = Debug|Win32
		{CD30337E-7BEF-4879-ABCB-100753CD402E}.Debug|Win32.ActiveCfg = Debug|Win32
		{CD30337E-7BEF-4879-ABCB-100753CD402E}.Debug|x64.ActiveCfg = Debug|x64
		{CD30337E-7BEF-4879-ABCB-100753CD402E}.Debug|x64.Build.0 = Debug|x64
		{CD30337E-7BEF-4879-ABCB-100753CD402E}.Debug|x86.ActiveCfg = Debug|Win32
		{CD30337E-7BEF-4879-ABCB-100753CD402E}.Debug|x86.Build.0 = Debug|Win32
		{CD30337E-7BEF-4879-ABCB-100753CD402E}.profile|Mixed Platforms.ActiveCfg = Release|Win32
		{CD30337E-7BEF-4879-ABCB-100753CD402E}.profile|Mixed Platforms.Build.0 = Release|Win32
		{CD30337E-7BEF-4879-ABCB-100753CD402E}.profile|Win32.ActiveCfg = profile|Win32
		{CD30337E-7BEF-4879-ABCB-100753CD402E}.profile|Win32.Build.0 = profile|Win32
		{CD30337E-7BEF-4879-ABCB-100753CD402E}.profile|x64.ActiveCfg = profile|x64
		{CD30337E-7BEF-4879-ABCB-100753CD402E}.profile|x64.Build.0 = profile|x64
		{CD30337E-7BEF-4879-ABCB-100753CD402E}.profile|x86.ActiveCfg = profile|Win32
		{CD30337E-7BEF-4879-ABCB-100753CD402E}.profile|x86.Build.0 = profile|Win32
		{CD30337E-7BEF-4879-ABCB-100753CD402E}.Release|Mixed Platforms.ActiveCfg = Release|Win32
		{CD30337E-7BEF-4879-ABCB-100753CD402E}.Release|Mixed Platforms.Build.0 = Release|Win32
		{CD30337E-7BEF-4879-ABCB-100753CD402E}.Release|Win32.ActiveCfg = Release|Win32
		{CD30337E-7BEF-4879-ABCB-100753CD402E}.Release|Win32.Build.0 = Release|Win32
		{CD30337E-7BEF-4879-ABCB-100753CD402E}.Release|x64.ActiveCfg = Release|x64
		{CD30337E-7BEF-4879-ABCB-100753CD402E}.Release|x64.Build.0 = Release|x64
		{CD30337E-7BEF-4879-ABCB-100753CD402E}.Release|x86.ActiveCfg = Release|Win32
		{CD30337E-7BEF-4879-ABCB-100753CD402E}.Release|x86.Build.0 = Release|Win32
		{E0B52AE7-E160-4D32-BF3F-910B785E5A8E}.Debug|Mixed Platforms.ActiveCfg = Debug|Win32
		{E0B52AE7-E160-4D32-BF3F-910B785E5A8E}.Debug|Mixed Platforms.Build.0 = Debug|Win32
		{E0B52AE7-E160-4D32-BF3F-910B785E5A8E}.Debug|Win32.ActiveCfg = Debug|Win32
		{E0B52AE7-E160-4D32-BF3F-910B785E5A8E}.Debug|x64.ActiveCfg = Debug|x64
		{E0B52AE7-E160-4D32-BF3F-910B785E5A8E}.Debug|x64.Build.0 = Debug|x64
		{E0B52AE7-E160-4D32-BF3F-910B785E5A8E}.Debug|x86.ActiveCfg = Debug|Win32
		{E0B52AE7-E160-4D32-BF3F-910B785E5A8E}.profile|Mixed Platforms.ActiveCfg = Release|Win32
		{E0B52AE7-E160-4D32-BF3F-910B785E5A8E}.profile|Win32.ActiveCfg = Release|Win32
		{E0B52AE7-E160-4D32-BF3F-910B785E5A8E}.profile|x64.ActiveCfg = Release|x64
		{E0B52AE7-E160-4D32-BF3F-910B785E5A8E}.profile|x86.ActiveCfg = Release|Win32
		{E0B52AE7-E160-4D32-BF3F-910B785E5A8E}.Release|Mixed Platforms.ActiveCfg = Release|Win32
		{E0B52AE7-E160-4D32-BF3F-910B785E5A8E}.Release|Mixed Platforms.Build.0 = Release|Win32
		{E0B52AE7-E160-4D32-BF3F-910B785E5A8E}.Release|Win32.ActiveCfg = Release|Win32
		{E0B52AE7-E160-4D32-BF3F-910B785E5A8E}.Release|x64.ActiveCfg = Release|x64
		{E0B52AE7-E160-4D32-BF3F-910B785E5A8E}.Release|x64.Build.0 = Release|x64
		{E0B52AE7-E160-4D32-BF3F-910B785E5A8E}.Release|x86.ActiveCfg = Release|Win32
		{85344B7F-5AA0-4E12-A065-D1333D11F6CA}.Debug|Mixed Platforms.ActiveCfg = Debug|Win32
		{85344B7F-5AA0-4E12-A065-D1333D11F6CA}.Debug|Mixed Platforms.Build.0 = Debug|Win32
		{85344B7F-5AA0-4E12-A065-D1333D11F6CA}.Debug|Win32.ActiveCfg = Debug|Win32
		{85344B7F-5AA0-4E12-A065-D1333D11F6CA}.Debug|x64.ActiveCfg = Debug|x64
		{85344B7F-5AA0-4E12-A065-D1333D11F6CA}.Debug|x64.Build.0 = Debug|x64
		{85344B7F-5AA0-4E12-A065-D1333D11F6CA}.Debug|x86.ActiveCfg = Debug|Win32
		{85344B7F-5AA0-4E12-A065-D1333D11F6CA}.profile|Mixed Platforms.ActiveCfg = Profile|Win32
		{85344B7F-5AA0-4E12-A065-D1333D11F6CA}.profile|Win32.ActiveCfg = Profile|Win32
		{85344B7F-5AA0-4E12-A065-D1333D11F6CA}.profile|x64.ActiveCfg = Profile|x64
		{85344B7F-5AA0-4E12-A065-D1333D11F6CA}.profile|x86.ActiveCfg = Profile|Win32
		{85344B7F-5AA0-4E12-A065-D1333D11F6CA}.Release|Mixed Platforms.ActiveCfg = Release|Win32
		{85344B7F-5AA0-4E12-A065-D1333D11F6CA}.Release|Mixed Platforms.Build.0 = Release|Win32
		{85344B7F-5AA0-4E12-A065-D1333D11F6CA}.Release|Win32.ActiveCfg = Release|Win32
		{85344B7F-5AA0-4E12-A065-D1333D11F6CA}.Release|x64.ActiveCfg = Release|x64
		{85344B7F-5AA0-4E12-A065-D1333D11F6CA}.Release|x64.Build.0 = Release|x64
		{85344B7F-5AA0-4E12-A065-D1333D11F6CA}.Release|x86.ActiveCfg = Release|Win32
		{61B333C2-C4F7-4CC1-A9BF-83F6D95588EB}.Debug|Mixed Platforms.ActiveCfg = Debug|Win32
		{61B333C2-C4F7-4CC1-A9BF-83F6D95588EB}.Debug|Mixed Platforms.Build.0 = Debug|Win32
		{61B333C2-C4F7-4CC1-A9BF-83F6D95588EB}.Debug|Win32.ActiveCfg = Debug|Win32
		{61B333C2-C4F7-4CC1-A9BF-83F6D95588EB}.Debug|x64.ActiveCfg = Debug|x64
		{61B333C2-C4F7-4CC1-A9BF-83F6D95588EB}.Debug|x64.Build.0 = Debug|x64
		{61B333C2-C4F7-4CC1-A9BF-83F6D95588EB}.Debug|x86.ActiveCfg = Debug|Win32
		{61B333C2-C4F7-4CC1-A9BF-83F6D95588EB}.profile|Mixed Platforms.ActiveCfg = Profile|Win32
		{61B333C2-C4F7-4CC1-A9BF-83F6D95588EB}.profile|Win32.ActiveCfg = Profile|Win32
		{61B333C2-C4F7-4CC1-A9BF-83F6D95588EB}.profile|x64.ActiveCfg = Profile|x64
		{61B333C2-C4F7-4CC1-A9BF-83F6D95588EB}.profile|x86.ActiveCfg = Profile|Win32
		{61B333C2-C4F7-4CC1-A9BF-83F6D95588EB}.Release|Mixed Platforms.ActiveCfg = Release|Win32
		{61B333C2-C4F7-4CC1-A9BF-83F6D95588EB}.Release|Mixed Platforms.Build.0 = Release|Win32
		{61B333C2-C4F7-4CC1-A9BF-83F6D95588EB}.Release|Win32.ActiveCfg = Release|Win32
		{61B333C2-C4F7-4CC1-A9BF-83F6D95588EB}.Release|x64.ActiveCfg = Release|x64
		{61B333C2-C4F7-4CC1-A9BF-83F6D95588EB}.Release|x64.Build.0 = Release|x64
		{61B333C2-C4F7-4CC1-A9BF-83F6D95588EB}.Release|x86.ActiveCfg = Release|Win32
		{D3D11105-96D0-4629-88B8-122C0256058C}.Debug|Mixed Platforms.ActiveCfg = Debug|Win32
		{D3D11105-96D0-4629-88B8-122C0256058C}.Debug|Mixed Platforms.Build.0 = Debug|Win32
		{D3D11105-96D0-4629-88B8-122C0256058C}.Debug|Win32.ActiveCfg = Debug|Win32
		{D3D11105-96D0-4629-88B8-122C0256058C}.Debug|x64.ActiveCfg = Debug|x64
		{D3D11105-96D0-4629-88B8-122C0256058C}.Debug|x64.Build.0 = Debug|x64
		{D3D11105-96D0-4629-88B8-122C0256058C}.Debug|x86.ActiveCfg = Debug|Win32
		{D3D11105-96D0-4629-88B8-122C0256058C}.profile|Mixed Platforms.ActiveCfg = Profile|Win32
		{D3D11105-96D0-4629-88B8-122C0256058C}.profile|Win32.ActiveCfg = Profile|Win32
		{D3D11105-96D0-4629-88B8-122C0256058C}.profile|x64.ActiveCfg = Profile|x64
		{D3D11105-96D0-4629-88B8-122C0256058C}.profile|x86.ActiveCfg = Profile|Win32
		{D3D11105-96D0-4629-88B8-122C0256058C}.Release|Mixed Platforms.ActiveCfg = Release|Win32
		{D3D11105-96D0-4629-88B8-122C0256058C}.Release|Mixed Platforms.Build.0 = Release|Win32
		{D3D11105-96D0-4629-88B8-122C0256058C}.Release|Win32.ActiveCfg = Release|Win32
		{D3D11105-96D0-4629-88B8-122C0256058C}.Release|x64.ActiveCfg = Release|x64
		{D3D11105-96D0-4629-88B8-122C0256058C}.Release|x64.Build.0 = Release|x64
		{D3D11105-96D0-4629-88B8-122C0256058C}.Release|x86.ActiveCfg = Release|Win32
		{857884DC-244E-495A-A3B9-7DC82815298B}.Debug|Mixed Platforms.ActiveCfg = Debug|Win32
		{857884DC-244E-495A-A3B9-7DC82815298B}.Debug|Mixed Platforms.Build.0 = Debug|Win32
		{857884DC-244E-495A-A3B9-7DC82815298B}.Debug|Win32.ActiveCfg = Debug|Win32
		{857884DC-244E-495A-A3B9-7DC82815298B}.Debug|x64.ActiveCfg = Debug|x64
		{857884DC-244E-495A-A3B9-7DC82815298B}.Debug|x86.ActiveCfg = Debug|Win32
		{857884DC-244E-495A-A3B9-7DC82815298B}.profile|Mixed Platforms.ActiveCfg = Release|Win32
		{857884DC-244E-495A-A3B9-7DC82815298B}.profile|Mixed Platforms.Build.0 = Release|Win32
		{857884DC-244E-495A-A3B9-7DC82815298B}.profile|Win32.ActiveCfg = Release|Win32
		{857884DC-244E-495A-A3B9-7DC82815298B}.profile|x64.ActiveCfg = Release|x64
		{857884DC-244E-495A-A3B9-7DC82815298B}.profile|x64.Build.0 = Release|x64
		{857884DC-244E-495A-A3B9-7DC82815298B}.profile|x86.ActiveCfg = Release|Win32
		{857884DC-244E-495A-A3B9-7DC82815298B}.Release|Mixed Platforms.ActiveCfg = Release|Win32
		{857884DC-244E-495A-A3B9-7DC82815298B}.Release|Mixed Platforms.Build.0 = Release|Win32
		{857884DC-244E-495A-A3B9-7DC82815298B}.Release|Win32.ActiveCfg = Release|Win32
		{857884DC-244E-495A-A3B9-7DC82815298B}.Release|x64.ActiveCfg = Release|x64
		{857884DC-244E-495A-A3B9-7DC82815298B}.Release|x86.ActiveCfg = Release|Win32
		{9AF37FD1-41BF-40A1-8FD3-EE2C44417EE3}.Debug|Mixed Platforms.ActiveCfg = Debug|Win32
		{9AF37FD1-41BF-40A1-8FD3-EE2C44417EE3}.Debug|Mixed Platforms.Build.0 = Debug|Win32
		{9AF37FD1-41BF-40A1-8FD3-EE2C44417EE3}.Debug|Win32.ActiveCfg = Debug|Win32
		{9AF37FD1-41BF-40A1-8FD3-EE2C44417EE3}.Debug|x64.ActiveCfg = Debug|x64
		{9AF37FD1-41BF-40A1-8FD3-EE2C44417EE3}.Debug|x64.Build.0 = Debug|x64
		{9AF37FD1-41BF-40A1-8FD3-EE2C44417EE3}.Debug|x86.ActiveCfg = Debug|Win32
		{9AF37FD1-41BF-40A1-8FD3-EE2C44417EE3}.Debug|x86.Build.0 = Debug|Win32
		{9AF37FD1-41BF-40A1-8FD3-EE2C44417EE3}.profile|Mixed Platforms.ActiveCfg = profile|Win32
		{9AF37FD1-41BF-40A1-8FD3-EE2C44417EE3}.profile|Mixed Platforms.Build.0 = profile|Win32
		{9AF37FD1-41BF-40A1-8FD3-EE2C44417EE3}.profile|Win32.ActiveCfg = profile|Win32
		{9AF37FD1-41BF-40A1-8FD3-EE2C44417EE3}.profile|Win32.Build.0 = profile|Win32
		{9AF37FD1-41BF-40A1-8FD3-EE2C44417EE3}.profile|x64.ActiveCfg = profile|x64
		{9AF37FD1-41BF-40A1-8FD3-EE2C44417EE3}.profile|x64.Build.0 = profile|x64
		{9AF37FD1-41BF-40A1-8FD3-EE2C44417EE3}.profile|x86.ActiveCfg = profile|Win32
		{9AF37FD1-41BF-40A1-8FD3-EE2C44417EE3}.profile|x86.Build.0 = profile|Win32
		{9AF37FD1-41BF-40A1-8FD3-EE2C44417EE3}.Release|Mixed Platforms.ActiveCfg = Release|Win32
		{9AF37FD1-41BF-40A1-8FD3-EE2C44417EE3}.Release|Mixed Platforms.Build.0 = Release|Win32
		{9AF37FD1-41BF-40A1-8FD3-EE2C44417EE3}.Release|Win32.ActiveCfg = Release|Win32
		{9AF37FD1-41BF-40A1-8FD3-EE2C44417EE3}.Release|Win32.Build.0 = Release|Win32
		{9AF37FD1-41BF-40A1-8FD3-EE2C44417EE3}.Release|x64.ActiveCfg = Release|x64
		{9AF37FD1-41BF-40A1-8FD3-EE2C44417EE3}.Release|x64.Build.0 = Release|x64
		{9AF37FD1-41BF-40A1-8FD3-EE2C44417EE3}.Release|x86.ActiveCfg = Release|Win32
		{9AF37FD1-41BF-40A1-8FD3-EE2C44417EE3}.Release|x86.Build.0 = Release|Win32
		{4B9BB635-BF1F-458E-8F7E-61C940002C71}.Debug|Mixed Platforms.ActiveCfg = Debug|Win32
		{4B9BB635-BF1F-458E-8F7E-61C940002C71}.Debug|Mixed Platforms.Build.0 = Debug|Win32
		{4B9BB635-BF1F-458E-8F7E-61C940002C71}.Debug|Win32.ActiveCfg = Debug|Win32
		{4B9BB635-BF1F-458E-8F7E-61C940002C71}.Debug|x64.ActiveCfg = Debug|x64
		{4B9BB635-BF1F-458E-8F7E-61C940002C71}.Debug|x86.ActiveCfg = Debug|Win32
		{4B9BB635-BF1F-458E-8F7E-61C940002C71}.profile|Mixed Platforms.ActiveCfg = Release|Win32
		{4B9BB635-BF1F-458E-8F7E-61C940002C71}.profile|Mixed Platforms.Build.0 = Release|Win32
		{4B9BB635-BF1F-458E-8F7E-61C940002C71}.profile|Win32.ActiveCfg = Release|Win32
		{4B9BB635-BF1F-458E-8F7E-61C940002C71}.profile|Win32.Build.0 = Release|Win32
		{4B9BB635-BF1F-458E-8F7E-61C940002C71}.profile|x64.ActiveCfg = Release|x64
		{4B9BB635-BF1F-458E-8F7E-61C940002C71}.profile|x86.ActiveCfg = Release|Win32
		{4B9BB635-BF1F-458E-8F7E-61C940002C71}.profile|x86.Build.0 = Release|Win32
		{4B9BB635-BF1F-458E-8F7E-61C940002C71}.Release|Mixed Platforms.ActiveCfg = Release|Win32
		{4B9BB635-BF1F-458E-8F7E-61C940002C71}.Release|Mixed Platforms.Build.0 = Release|Win32
		{4B9BB635-BF1F-458E-8F7E-61C940002C71}.Release|Win32.ActiveCfg = Release|Win32
		{4B9BB635-BF1F-458E-8F7E-61C940002C71}.Release|Win32.Build.0 = Release|Win32
		{4B9BB635-BF1F-458E-8F7E-61C940002C71}.Release|x64.ActiveCfg = Release|x64
		{4B9BB635-BF1F-458E-8F7E-61C940002C71}.Release|x64.Build.0 = Release|x64
		{4B9BB635-BF1F-458E-8F7E-61C940002C71}.Release|x86.ActiveCfg = Release|Win32
		{887DAF25-87E8-442E-8BE1-30EB72465FD2}.Debug|Mixed Platforms.ActiveCfg = Debug|Win32
		{887DAF25-87E8-442E-8BE1-30EB72465FD2}.Debug|Mixed Platforms.Build.0 = Debug|Win32
		{887DAF25-87E8-442E-8BE1-30EB72465FD2}.Debug|Win32.ActiveCfg = Debug|Win32
		{887DAF25-87E8-442E-8BE1-30EB72465FD2}.Debug|x64.ActiveCfg = Debug|x64
		{887DAF25-87E8-442E-8BE1-30EB72465FD2}.Debug|x64.Build.0 = Debug|x64
		{887DAF25-87E8-442E-8BE1-30EB72465FD2}.Debug|x86.ActiveCfg = Debug|Win32
		{887DAF25-87E8-442E-8BE1-30EB72465FD2}.Debug|x86.Build.0 = Debug|Win32
		{887DAF25-87E8-442E-8BE1-30EB72465FD2}.profile|Mixed Platforms.ActiveCfg = Release|Win32
		{887DAF25-87E8-442E-8BE1-30EB72465FD2}.profile|Mixed Platforms.Build.0 = Release|Win32
		{887DAF25-87E8-442E-8BE1-30EB72465FD2}.profile|Win32.ActiveCfg = profile|Win32
		{887DAF25-87E8-442E-8BE1-30EB72465FD2}.profile|Win32.Build.0 = profile|Win32
		{887DAF25-87E8-442E-8BE1-30EB72465FD2}.profile|x64.ActiveCfg = profile|x64
		{887DAF25-87E8-442E-8BE1-30EB72465FD2}.profile|x64.Build.0 = profile|x64
		{887DAF25-87E8-442E-8BE1-30EB72465FD2}.profile|x86.ActiveCfg = profile|Win32
		{887DAF25-87E8-442E-8BE1-30EB72465FD2}.profile|x86.Build.0 = profile|Win32
		{887DAF25-87E8-442E-8BE1-30EB72465FD2}.Release|Mixed Platforms.ActiveCfg = Release|Win32
		{887DAF25-87E8-442E-8BE1-30EB72465FD2}.Release|Mixed Platforms.Build.0 = Release|Win32
		{887DAF25-87E8-442E-8BE1-30EB72465FD2}.Release|Win32.ActiveCfg = Release|Win32
		{887DAF25-87E8-442E-8BE1-30EB72465FD2}.Release|Win32.Build.0 = Release|Win32
		{887DAF25-87E8-442E-8BE1-30EB72465FD2}.Release|x64.ActiveCfg = Release|x64
		{887DAF25-87E8-442E-8BE1-30EB72465FD2}.Release|x64.Build.0 = Release|x64
		{887DAF25-87E8-442E-8BE1-30EB72465FD2}.Release|x86.ActiveCfg = Release|Win32
		{887DAF25-87E8-442E-8BE1-30EB72465FD2}.Release|x86.Build.0 = Release|Win32
		{AD6B1A8B-6983-40ED-9EF2-A7FFC457517E}.Debug|Mixed Platforms.ActiveCfg = Debug|Win32
		{AD6B1A8B-6983-40ED-9EF2-A7FFC457517E}.Debug|Mixed Platforms.Build.0 = Debug|Win32
		{AD6B1A8B-6983-40ED-9EF2-A7FFC457517E}.Debug|Win32.ActiveCfg = librelease|Win32
		{AD6B1A8B-6983-40ED-9EF2-A7FFC457517E}.Debug|Win32.Build.0 = librelease|Win32
		{AD6B1A8B-6983-40ED-9EF2-A7FFC457517E}.Debug|x64.ActiveCfg = Debug|x64
		{AD6B1A8B-6983-40ED-9EF2-A7FFC457517E}.Debug|x64.Build.0 = Debug|x64
		{AD6B1A8B-6983-40ED-9EF2-A7FFC457517E}.Debug|x86.ActiveCfg = Debug|Win32
		{AD6B1A8B-6983-40ED-9EF2-A7FFC457517E}.Debug|x86.Build.0 = Debug|Win32
		{AD6B1A8B-6983-40ED-9EF2-A7FFC457517E}.Debug|x86.Build.2 = standalone|Win32
		{AD6B1A8B-6983-40ED-9EF2-A7FFC457517E}.profile|Mixed Platforms.ActiveCfg = librelease|Win32
		{AD6B1A8B-6983-40ED-9EF2-A7FFC457517E}.profile|Mixed Platforms.Build.0 = librelease|Win32
		{AD6B1A8B-6983-40ED-9EF2-A7FFC457517E}.profile|Win32.ActiveCfg = librelease|Win32
		{AD6B1A8B-6983-40ED-9EF2-A7FFC457517E}.profile|Win32.Build.0 = librelease|Win32
		{AD6B1A8B-6983-40ED-9EF2-A7FFC457517E}.profile|x64.ActiveCfg = Release|x64
		{AD6B1A8B-6983-40ED-9EF2-A7FFC457517E}.profile|x64.Build.0 = Release|x64
		{AD6B1A8B-6983-40ED-9EF2-A7FFC457517E}.profile|x86.ActiveCfg = librelease|Win32
		{AD6B1A8B-6983-40ED-9EF2-A7FFC457517E}.profile|x86.Build.0 = librelease|Win32
		{AD6B1A8B-6983-40ED-9EF2-A7FFC457517E}.Release|Mixed Platforms.ActiveCfg = Release|Win32
		{AD6B1A8B-6983-40ED-9EF2-A7FFC457517E}.Release|Mixed Platforms.Build.0 = Release|Win32
		{AD6B1A8B-6983-40ED-9EF2-A7FFC457517E}.Release|Win32.ActiveCfg = Release|Win32
		{AD6B1A8B-6983-40ED-9EF2-A7FFC457517E}.Release|Win32.Build.0 = Release|Win32
		{AD6B1A8B-6983-40ED-9EF2-A7FFC457517E}.Release|x64.ActiveCfg = Release|x64
		{AD6B1A8B-6983-40ED-9EF2-A7FFC457517E}.Release|x64.Build.0 = Release|x64
		{AD6B1A8B-6983-40ED-9EF2-A7FFC457517E}.Release|x86.ActiveCfg = Release|Win32
		{AD6B1A8B-6983-40ED-9EF2-A7FFC457517E}.Release|x86.Build.0 = Release|Win32
		{2A9F59F1-EF78-4B17-8D9F-1EB394E394E6}.Debug|Mixed Platforms.ActiveCfg = Debug|Win32
		{2A9F59F1-EF78-4B17-8D9F-1EB394E394E6}.Debug|Mixed Platforms.Build.0 = Debug|Win32
		{2A9F59F1-EF78-4B17-8D9F-1EB394E394E6}.Debug|Win32.ActiveCfg = Debug|Win32
		{2A9F59F1-EF78-4B17-8D9F-1EB394E394E6}.Debug|Win32.Build.0 = Debug|Win32
		{2A9F59F1-EF78-4B17-8D9F-1EB394E394E6}.Debug|x64.ActiveCfg = Debug|x64
		{2A9F59F1-EF78-4B17-8D9F-1EB394E394E6}.Debug|x64.Build.0 = Debug|x64
		{2A9F59F1-EF78-4B17-8D9F-1EB394E394E6}.Debug|x86.ActiveCfg = Debug|Win32
		{2A9F59F1-EF78-4B17-8D9F-1EB394E394E6}.Debug|x86.Build.0 = Debug|Win32
		{2A9F59F1-EF78-4B17-8D9F-1EB394E394E6}.profile|Mixed Platforms.ActiveCfg = Release|Win32
		{2A9F59F1-EF78-4B17-8D9F-1EB394E394E6}.profile|Mixed Platforms.Build.0 = Release|Win32
		{2A9F59F1-EF78-4B17-8D9F-1EB394E394E6}.profile|Win32.ActiveCfg = Release|Win32
		{2A9F59F1-EF78-4B17-8D9F-1EB394E394E6}.profile|Win32.Build.0 = Release|Win32
		{2A9F59F1-EF78-4B17-8D9F-1EB394E394E6}.profile|x64.ActiveCfg = Release|x64
		{2A9F59F1-EF78-4B17-8D9F-1EB394E394E6}.profile|x86.ActiveCfg = Release|Win32
		{2A9F59F1-EF78-4B17-8D9F-1EB394E394E6}.profile|x86.Build.0 = Release|Win32
		{2A9F59F1-EF78-4B17-8D9F-1EB394E394E6}.Release|Mixed Platforms.ActiveCfg = Release|Win32
		{2A9F59F1-EF78-4B17-8D9F-1EB394E394E6}.Release|Mixed Platforms.Build.0 = Release|Win32
		{2A9F59F1-EF78-4B17-8D9F-1EB394E394E6}.Release|Win32.ActiveCfg = Release|Win32
		{2A9F59F1-EF78-4B17-8D9F-1EB394E394E6}.Release|Win32.Build.0 = Release|Win32
		{2A9F59F1-EF78-4B17-8D9F-1EB394E394E6}.Release|x64.ActiveCfg = Release|x64
		{2A9F59F1-EF78-4B17-8D9F-1EB394E394E6}.Release|x64.Build.0 = Release|x64
		{2A9F59F1-EF78-4B17-8D9F-1EB394E394E6}.Release|x86.ActiveCfg = Release|Win32
		{2A9F59F1-EF78-4B17-8D9F-1EB394E394E6}.Release|x86.Build.0 = Release|Win32
	EndGlobalSection
	GlobalSection(SolutionProperties) = preSolution
		HideSolutionNode = FALSE
	EndGlobalSection
EndGlobal
