<?xml version="1.0" encoding="utf-8"?>
<Project ToolsVersion="4.0" xmlns="http://schemas.microsoft.com/developer/msbuild/2003">
  <ItemGroup>
    <Filter Include="Source Files">
      <UniqueIdentifier>{4FC737F1-C7A5-4376-A066-2A32D752A2FF}</UniqueIdentifier>
      <Extensions>
      </Extensions>
    </Filter>
  </ItemGroup>
  <ItemGroup>
    <ClInclude Include="precompile.h">
      <Filter>Source Files</Filter>
    </ClInclude>
    <ClInclude Include="RegularSetMesh.h">
      <Filter>Source Files</Filter>
    </ClInclude>
    <ClInclude Include="global.h">
      <Filter>Source Files</Filter>
    </ClInclude>
    <ClInclude Include="Memory.h">
      <Filter>Source Files</Filter>
    </ClInclude>
    <ClInclude Include="offio.h">
      <Filter>Source Files</Filter>
    </ClInclude>
    <ClInclude Include="adaptive.h">
      <Filter>Source Files</Filter>
    </ClInclude>
    <ClInclude Include="boolean.h">
      <Filter>Source Files</Filter>
    </ClInclude>
    <ClInclude Include="csg.h">
      <Filter>Source Files</Filter>
    </ClInclude>
  </ItemGroup>
  <ItemGroup>
    <ClCompile Include="boolean.cpp">
      <Filter>Source Files</Filter>
    </ClCompile>
    <ClCompile Include="csg.cpp">
      <Filter>Source Files</Filter>
    </ClCompile>
  </ItemGroup>
</Project>